{
  "name": "app",
  "lockfileVersion": 3,
  "requires": true,
  "packages": {
    "": {
      "dependencies": {
        "crypto-js": "^4.2.0",
        "secure-web-storage": "^1.0.2"
      },
      "devDependencies": {
        "@types/crypto-js": "^4.2.2"
      }
    },
    "node_modules/@types/crypto-js": {
      "version": "4.2.2",
      "resolved": "https://registry.npmjs.org/@types/crypto-js/-/crypto-js-4.2.2.tgz",
      "integrity": "sha512-sDOLlVbHhXpAUAL0YHDUUwDZf3iN4Bwi4W6a0W0b+QcAezUbRtH4FVb+9J4h+XFPW7l/gQ9F8qC7P+Ec4k8QVQ==",
      "dev": true,
      "license": "MIT"
    },
    "node_modules/crypto-js": {
      "version": "4.2.0",
      "resolved": "https://registry.npmjs.org/crypto-js/-/crypto-js-4.2.0.tgz",
      "integrity": "sha512-KALDyEYgpY+Rlob/iriUtjV6d5Eq+Y191A5g4UqLAi8CyGP9N1+FdVbkc1SxKc2r4YAYqG8JzO2KGL+AizD70Q==",
      "license": "MIT"
    },
    "node_modules/generate-js": {
      "version": "3.1.2",
      "resolved": "https://registry.npmjs.org/generate-js/-/generate-js-3.1.2.tgz",
      "integrity": "sha512-L4IHpPfl9vhDtevoXZGQhQbC376ogHnVGrEr2zMxODsmLSGQGCX/NTd0AzokzSYgBDCKduV690tcqcba10Xo3g==",
      "license": "MIT"
    },
    "node_modules/secure-web-storage": {
      "version": "1.0.2",
      "resolved": "https://registry.npmjs.org/secure-web-storage/-/secure-web-storage-1.0.2.tgz",
      "integrity": "sha512-Jxlit0lkdspgrcyzYjgJ59MNUuK2t1T6berjU1ttJc0Uht1u8l031aczsp8R4KW+rt4WdKrt3zAopwhqaodCHQ==",
      "license": "MIT",
      "dependencies": {
        "generate-js": "^3.1.2"
      }
    }
  }
}
